#MicroXplorer Configuration settings - do not modify
CAD.formats=
CAD.pinconfig=
CAD.provider=
File.Version=6
GPIO.groupedBy=Group By Peripherals
KeepUserPlacement=false
Mcu.CPN=STM32F103ZET6
Mcu.Family=STM32F1
Mcu.IP0=NVIC
Mcu.IP1=RCC
Mcu.IP10=USART1
Mcu.IP11=USART2
Mcu.IP12=USART3
Mcu.IP2=SYS
Mcu.IP3=TIM1
Mcu.IP4=TIM2
Mcu.IP5=TIM3
Mcu.IP6=TIM4
Mcu.IP7=TIM6
Mcu.IP8=UART4
Mcu.IP9=UART5
Mcu.IPNb=13
Mcu.Name=STM32F103Z(C-D-E)Tx
Mcu.Package=LQFP144
Mcu.Pin0=PC13-TAMPER-RTC
Mcu.Pin1=OSC_IN
Mcu.Pin10=PB1
Mcu.Pin11=PE9
Mcu.Pin12=PE11
Mcu.Pin13=PE13
Mcu.Pin14=PE14
Mcu.Pin15=PB11
Mcu.Pin16=PD8
Mcu.Pin17=PD9
Mcu.Pin18=PA9
Mcu.Pin19=PA10
Mcu.Pin2=OSC_OUT
Mcu.Pin20=PA13
Mcu.Pin21=PA14
Mcu.Pin22=PC10
Mcu.Pin23=PC11
Mcu.Pin24=PC12
Mcu.Pin25=PD2
Mcu.Pin26=PD3
Mcu.Pin27=PD4
Mcu.Pin28=PD5
Mcu.Pin29=PD6
Mcu.Pin3=PA2
Mcu.Pin30=PD7
Mcu.Pin31=PG9
Mcu.Pin32=PG10
Mcu.Pin33=PG11
Mcu.Pin34=PG12
Mcu.Pin35=PG13
Mcu.Pin36=PG14
Mcu.Pin37=PB3
Mcu.Pin38=PB4
Mcu.Pin39=PB5
Mcu.Pin4=PA3
Mcu.Pin40=PB6
Mcu.Pin41=PB7
Mcu.Pin42=PB8
Mcu.Pin43=PB9
Mcu.Pin44=VP_SYS_VS_Systick
Mcu.Pin45=VP_TIM1_VS_ClockSourceINT
Mcu.Pin46=VP_TIM2_VS_ClockSourceINT
Mcu.Pin47=VP_TIM3_VS_ClockSourceINT
Mcu.Pin48=VP_TIM4_VS_ClockSourceINT
Mcu.Pin49=VP_TIM6_VS_ClockSourceINT
Mcu.Pin5=PA4
Mcu.Pin6=PA5
Mcu.Pin7=PA6
Mcu.Pin8=PA7
Mcu.Pin9=PB0
Mcu.PinsNb=50
Mcu.ThirdPartyNb=0
Mcu.UserConstants=
Mcu.UserName=STM32F103ZETx
MxCube.Version=6.11.1
MxDb.Version=DB.6.0.111
NVIC.BusFault_IRQn=true\:0\:0\:false\:false\:true\:false\:false\:false
NVIC.DebugMonitor_IRQn=true\:0\:0\:false\:false\:true\:false\:false\:false
NVIC.ForceEnableDMAVector=true
NVIC.HardFault_IRQn=true\:0\:0\:false\:false\:true\:false\:false\:false
NVIC.MemoryManagement_IRQn=true\:0\:0\:false\:false\:true\:false\:false\:false
NVIC.NonMaskableInt_IRQn=true\:0\:0\:false\:false\:true\:false\:false\:false
NVIC.PendSV_IRQn=true\:0\:0\:false\:false\:true\:false\:false\:false
NVIC.PriorityGroup=NVIC_PRIORITYGROUP_4
NVIC.SVCall_IRQn=true\:0\:0\:false\:false\:true\:false\:false\:false
NVIC.SysTick_IRQn=true\:15\:0\:true\:false\:true\:false\:true\:false
NVIC.TIM2_IRQn=true\:0\:0\:true\:false\:true\:true\:true\:true
NVIC.TIM3_IRQn=true\:7\:0\:true\:false\:true\:true\:true\:true
NVIC.TIM4_IRQn=true\:8\:0\:true\:false\:true\:true\:true\:true
NVIC.TIM6_IRQn=true\:6\:0\:true\:false\:true\:true\:true\:true
NVIC.UART4_IRQn=true\:1\:0\:true\:false\:true\:true\:true\:true
NVIC.UART5_IRQn=true\:5\:0\:true\:false\:true\:true\:true\:true
NVIC.USART1_IRQn=true\:1\:0\:true\:false\:true\:true\:true\:true
NVIC.USART2_IRQn=true\:2\:0\:true\:false\:true\:true\:true\:true
NVIC.USART3_IRQn=true\:3\:0\:true\:false\:true\:true\:true\:true
NVIC.UsageFault_IRQn=true\:0\:0\:false\:false\:true\:false\:false\:false
OSC_IN.Mode=HSE-External-Oscillator
OSC_IN.Signal=RCC_OSC_IN
OSC_OUT.Mode=HSE-External-Oscillator
OSC_OUT.Signal=RCC_OSC_OUT
PA10.GPIOParameters=GPIO_Label
PA10.GPIO_Label=k210_RX
PA10.Mode=Asynchronous
PA10.Signal=USART1_RX
PA13.Mode=Serial_Wire
PA13.Signal=SYS_JTMS-SWDIO
PA14.Mode=Serial_Wire
PA14.Signal=SYS_JTCK-SWCLK
PA2.GPIOParameters=GPIO_Label
PA2.GPIO_Label=SERVO_TX
PA2.Mode=Asynchronous
PA2.Signal=USART2_TX
PA3.GPIOParameters=GPIO_Label
PA3.GPIO_Label=SERVO_RX
PA3.Mode=Asynchronous
PA3.Signal=USART2_RX
PA4.GPIOParameters=GPIO_Speed,GPIO_PuPd,GPIO_Label
PA4.GPIO_Label=CSN
PA4.GPIO_PuPd=GPIO_PULLUP
PA4.GPIO_Speed=GPIO_SPEED_FREQ_HIGH
PA4.Locked=true
PA4.Signal=GPIO_Output
PA5.GPIOParameters=GPIO_Speed,PinState,GPIO_PuPd,GPIO_Label
PA5.GPIO_Label=SCK
PA5.GPIO_PuPd=GPIO_PULLUP
PA5.GPIO_Speed=GPIO_SPEED_FREQ_HIGH
PA5.Locked=true
PA5.PinState=GPIO_PIN_RESET
PA5.Signal=GPIO_Output
PA6.GPIOParameters=GPIO_PuPd,GPIO_Label
PA6.GPIO_Label=MISO
PA6.GPIO_PuPd=GPIO_PULLUP
PA6.Locked=true
PA6.Signal=GPIO_Input
PA7.GPIOParameters=GPIO_Speed,GPIO_PuPd,GPIO_Label
PA7.GPIO_Label=MOSI
PA7.GPIO_PuPd=GPIO_PULLUP
PA7.GPIO_Speed=GPIO_SPEED_FREQ_HIGH
PA7.Locked=true
PA7.Signal=GPIO_Output
PA9.GPIOParameters=GPIO_Label
PA9.GPIO_Label=k210_TX
PA9.Mode=Asynchronous
PA9.Signal=USART1_TX
PB0.GPIOParameters=GPIO_Speed,GPIO_PuPd,GPIO_Label
PB0.GPIO_Label=CE
PB0.GPIO_PuPd=GPIO_PULLUP
PB0.GPIO_Speed=GPIO_SPEED_FREQ_HIGH
PB0.Locked=true
PB0.Signal=GPIO_Output
PB1.GPIOParameters=GPIO_PuPd,GPIO_Label
PB1.GPIO_Label=IRQ
PB1.GPIO_PuPd=GPIO_PULLUP
PB1.Locked=true
PB1.Signal=GPIO_Input
PB11.GPIOParameters=PinState,GPIO_Label
PB11.GPIO_Label=JY_CON
PB11.Locked=true
PB11.PinState=GPIO_PIN_RESET
PB11.Signal=GPIO_Output
PB3.GPIOParameters=GPIO_Label
PB3.GPIO_Label=HUIDU_1
PB3.Locked=true
PB3.Signal=GPIO_Input
PB4.GPIOParameters=GPIO_Label
PB4.GPIO_Label=HUIDU_2
PB4.Locked=true
PB4.Signal=GPIO_Input
PB5.GPIOParameters=GPIO_Label
PB5.GPIO_Label=HUIDU_3
PB5.Locked=true
PB5.Signal=GPIO_Input
PB6.GPIOParameters=GPIO_Label
PB6.GPIO_Label=HUIDU_4
PB6.Locked=true
PB6.Signal=GPIO_Input
PB7.GPIOParameters=GPIO_Label
PB7.GPIO_Label=LEFT_5
PB7.Locked=true
PB7.Signal=GPIO_Output
PB8.GPIOParameters=GPIO_Label
PB8.GPIO_Label=LEFT_6
PB8.Locked=true
PB8.Signal=GPIO_Output
PB9.GPIOParameters=GPIO_Label
PB9.GPIO_Label=LEFT_7
PB9.Locked=true
PB9.Signal=GPIO_Output
PC10.GPIOParameters=GPIO_Label
PC10.GPIO_Label=ZDT_TX
PC10.Mode=Asynchronous
PC10.Signal=UART4_TX
PC11.GPIOParameters=GPIO_Label
PC11.GPIO_Label=ZDT_RX
PC11.Mode=Asynchronous
PC11.Signal=UART4_RX
PC12.GPIOParameters=GPIO_Label
PC12.GPIO_Label=TJC_TX
PC12.Mode=Asynchronous
PC12.Signal=UART5_TX
PC13-TAMPER-RTC.GPIOParameters=GPIO_Label
PC13-TAMPER-RTC.GPIO_Label=LED
PC13-TAMPER-RTC.Locked=true
PC13-TAMPER-RTC.Signal=GPIO_Output
PD2.GPIOParameters=GPIO_Label
PD2.GPIO_Label=TJC_RX
PD2.Mode=Asynchronous
PD2.Signal=UART5_RX
PD3.GPIOParameters=GPIO_Label
PD3.GPIO_Label=pump_1
PD3.Locked=true
PD3.Signal=GPIO_Output
PD4.GPIOParameters=GPIO_Label
PD4.GPIO_Label=pump_2
PD4.Locked=true
PD4.Signal=GPIO_Output
PD5.GPIOParameters=GPIO_Label
PD5.GPIO_Label=HOLD_1
PD5.Locked=true
PD5.Signal=GPIO_Output
PD6.GPIOParameters=GPIO_Label
PD6.GPIO_Label=HOLD_2
PD6.Locked=true
PD6.Signal=GPXTI6
PD7.GPIOParameters=GPIO_Label
PD7.GPIO_Label=JQ_C1
PD7.Locked=true
PD7.Signal=GPIO_Output
PD8.GPIOParameters=GPIO_Label
PD8.GPIO_Label=JY901s_TX
PD8.Mode=Asynchronous
PD8.Signal=USART3_TX
PD9.GPIOParameters=GPIO_Label
PD9.GPIO_Label=JY901s_RX
PD9.Mode=Asynchronous
PD9.Signal=USART3_RX
PE11.GPIOParameters=GPIO_Label
PE11.GPIO_Label=HUIDU_5
PE11.Locked=true
PE11.Signal=GPIO_Input
PE13.GPIOParameters=GPIO_Label
PE13.GPIO_Label=bujin_CON
PE13.Locked=true
PE13.Signal=GPIO_Output
PE14.Signal=S_TIM1_CH4
PE9.GPIOParameters=GPIO_Label
PE9.GPIO_Label=bujin_PWM
PE9.Signal=S_TIM1_CH1
PG10.GPIOParameters=GPIO_Label
PG10.GPIO_Label=JQ_C3
PG10.Locked=true
PG10.Signal=GPIO_Output
PG11.GPIOParameters=GPIO_Label
PG11.GPIO_Label=JQ_C4
PG11.Locked=true
PG11.Signal=GPIO_Output
PG12.GPIOParameters=GPIO_Label
PG12.GPIO_Label=JY901S_C5
PG12.Locked=true
PG12.Signal=GPIO_Output
PG13.GPIOParameters=GPIO_Label
PG13.GPIO_Label=JY901_C6
PG13.Locked=true
PG13.Signal=GPIO_Output
PG14.GPIOParameters=GPIO_Label
PG14.GPIO_Label=JY901_C7
PG14.Locked=true
PG14.Signal=GPIO_Output
PG9.GPIOParameters=GPIO_Label
PG9.GPIO_Label=JQ_C2
PG9.Locked=true
PG9.Signal=GPIO_Output
PinOutPanel.RotationAngle=0
ProjectManager.AskForMigrate=true
ProjectManager.BackupPrevious=false
ProjectManager.CompilerOptimize=6
ProjectManager.ComputerToolchain=false
ProjectManager.CoupleFile=true
ProjectManager.CustomerFirmwarePackage=
ProjectManager.DefaultFWLocation=true
ProjectManager.DeletePrevious=true
ProjectManager.DeviceId=STM32F103ZETx
ProjectManager.FirmwarePackage=STM32Cube FW_F1 V1.8.5
ProjectManager.FreePins=false
ProjectManager.HalAssertFull=false
ProjectManager.HeapSize=0x200
ProjectManager.KeepUserCode=true
ProjectManager.LastFirmware=false
ProjectManager.LibraryCopy=0
ProjectManager.MainLocation=Core/Src
ProjectManager.NoMain=false
ProjectManager.PreviousToolchain=
ProjectManager.ProjectBuild=false
ProjectManager.ProjectFileName=FINAL.ioc
ProjectManager.ProjectName=FINAL
ProjectManager.ProjectStructure=
ProjectManager.RegisterCallBack=
ProjectManager.StackSize=0x400
ProjectManager.TargetToolchain=MDK-ARM V5.32
ProjectManager.ToolChainLocation=
ProjectManager.UAScriptAfterPath=
ProjectManager.UAScriptBeforePath=
ProjectManager.UnderRoot=false
ProjectManager.functionlistsort=1-SystemClock_Config-RCC-false-HAL-false,2-MX_GPIO_Init-GPIO-false-HAL-true,3-MX_USART1_UART_Init-USART1-false-HAL-true,4-MX_USART3_UART_Init-USART3-false-HAL-true,5-MX_UART4_Init-UART4-false-HAL-true,6-MX_UART5_Init-UART5-false-HAL-true,7-MX_USART2_UART_Init-USART2-false-HAL-true,8-MX_TIM1_Init-TIM1-false-HAL-true,9-MX_TIM6_Init-TIM6-false-HAL-true,10-MX_TIM2_Init-TIM2-false-HAL-true,11-MX_TIM3_Init-TIM3-false-HAL-true,12-MX_TIM4_Init-TIM4-false-HAL-true
RCC.ADCFreqValue=36000000
RCC.AHBFreq_Value=72000000
RCC.APB1CLKDivider=RCC_HCLK_DIV2
RCC.APB1Freq_Value=36000000
RCC.APB1TimFreq_Value=72000000
RCC.APB2Freq_Value=72000000
RCC.APB2TimFreq_Value=72000000
RCC.FCLKCortexFreq_Value=72000000
RCC.FSMCFreq_Value=72000000
RCC.FamilyName=M
RCC.HCLKFreq_Value=72000000
RCC.I2S2Freq_Value=72000000
RCC.I2S3Freq_Value=72000000
RCC.IPParameters=ADCFreqValue,AHBFreq_Value,APB1CLKDivider,APB1Freq_Value,APB1TimFreq_Value,APB2Freq_Value,APB2TimFreq_Value,FCLKCortexFreq_Value,FSMCFreq_Value,FamilyName,HCLKFreq_Value,I2S2Freq_Value,I2S3Freq_Value,MCOFreq_Value,PLLCLKFreq_Value,PLLMCOFreq_Value,PLLMUL,PLLSourceVirtual,SDIOFreq_Value,SDIOHCLKDiv2FreqValue,SYSCLKFreq_VALUE,SYSCLKSource,TimSysFreq_Value,USBFreq_Value,VCOOutput2Freq_Value
RCC.MCOFreq_Value=72000000
RCC.PLLCLKFreq_Value=72000000
RCC.PLLMCOFreq_Value=36000000
RCC.PLLMUL=RCC_PLL_MUL9
RCC.PLLSourceVirtual=RCC_PLLSOURCE_HSE
RCC.SDIOFreq_Value=72000000
RCC.SDIOHCLKDiv2FreqValue=36000000
RCC.SYSCLKFreq_VALUE=72000000
RCC.SYSCLKSource=RCC_SYSCLKSOURCE_PLLCLK
RCC.TimSysFreq_Value=72000000
RCC.USBFreq_Value=72000000
RCC.VCOOutput2Freq_Value=8000000
SH.GPXTI6.0=GPIO_EXTI6
SH.GPXTI6.ConfNb=1
SH.S_TIM1_CH1.0=TIM1_CH1,PWM Generation1 CH1
SH.S_TIM1_CH1.ConfNb=1
SH.S_TIM1_CH4.0=TIM1_CH4,PWM Generation4 CH4
SH.S_TIM1_CH4.ConfNb=1
TIM1.AutoReloadPreload=TIM_AUTORELOAD_PRELOAD_ENABLE
TIM1.Channel-PWM\ Generation1\ CH1=TIM_CHANNEL_1
TIM1.Channel-PWM\ Generation4\ CH4=TIM_CHANNEL_4
TIM1.IPParameters=Channel-PWM Generation1 CH1,Prescaler,Period,AutoReloadPreload,Channel-PWM Generation4 CH4
TIM1.Period=10-1
TIM1.Prescaler=720-1
TIM2.IPParameters=Prescaler,Period
TIM2.Period=100-1
TIM2.Prescaler=7200-1
TIM3.IPParameters=Prescaler,Period
TIM3.Period=1000-1
TIM3.Prescaler=7200-1
TIM4.IPParameters=Prescaler,Period
TIM4.Period=10-1
TIM4.Prescaler=720-1
TIM6.IPParameters=Prescaler,Period
TIM6.Period=1000-1
TIM6.Prescaler=720-1
UART4.BaudRate=9600
UART4.IPParameters=VirtualMode,Mode,BaudRate
UART4.Mode=MODE_TX_RX
UART4.VirtualMode=Asynchronous
UART5.IPParameters=VirtualMode,Mode
UART5.Mode=MODE_TX
UART5.VirtualMode=Asynchronous
USART1.BaudRate=9600
USART1.IPParameters=VirtualMode,BaudRate
USART1.VirtualMode=VM_ASYNC
USART2.BaudRate=9600
USART2.IPParameters=VirtualMode,BaudRate,Mode
USART2.Mode=MODE_TX
USART2.VirtualMode=VM_ASYNC
USART3.BaudRate=9600
USART3.IPParameters=VirtualMode,BaudRate
USART3.VirtualMode=VM_ASYNC
VP_SYS_VS_Systick.Mode=SysTick
VP_SYS_VS_Systick.Signal=SYS_VS_Systick
VP_TIM1_VS_ClockSourceINT.Mode=Internal
VP_TIM1_VS_ClockSourceINT.Signal=TIM1_VS_ClockSourceINT
VP_TIM2_VS_ClockSourceINT.Mode=Internal
VP_TIM2_VS_ClockSourceINT.Signal=TIM2_VS_ClockSourceINT
VP_TIM3_VS_ClockSourceINT.Mode=Internal
VP_TIM3_VS_ClockSourceINT.Signal=TIM3_VS_ClockSourceINT
VP_TIM4_VS_ClockSourceINT.Mode=Internal
VP_TIM4_VS_ClockSourceINT.Signal=TIM4_VS_ClockSourceINT
VP_TIM6_VS_ClockSourceINT.Mode=Enable_Timer
VP_TIM6_VS_ClockSourceINT.Signal=TIM6_VS_ClockSourceINT
board=custom
